
Microsoft Visual Studio Solution File, Format Version 12.00
# Visual Studio Version 17
VisualStudioVersion = 17.8.34330.188
MinimumVisualStudioVersion = 10.0.40219.1
Project("{9A19103F-16F7-4668-BE54-9A1E7A4F7556}") = "SsoIdp", "SsoIdp\SsoIdp.csproj", "{66062DA9-3DAA-4242-A1D4-1E9921710263}"
EndProject
Project("{9A19103F-16F7-4668-BE54-9A1E7A4F7556}") = "BasicSignalRApp", "BasicSignalRApp\BasicSignalRApp.csproj", "{C4B96762-3688-47F4-A1B8-E0EAEEDB5DB7}"
EndProject
Project("{FAE04EC0-301F-11D3-BF4B-00C04F79EFBC}") = "ChatApplication", "ChatApplication\ChatApplication.csproj", "{8218CABD-8430-41E5-B955-C24783F5FE70}"
EndProject
Project("{FAE04EC0-301F-11D3-BF4B-00C04F79EFBC}") = "BlazorChatClient", "BlazorChatClient\BlazorChatClient.csproj", "{51F607B5-6E0F-482B-980E-335C6B0A7A7B}"
EndProject
Project("{9A19103F-16F7-4668-BE54-9A1E7A4F7556}") = "StronglyTypesChatApplication", "StronglyTypesChatApplication\StronglyTypesChatApplication.csproj", "{E2FF323C-763F-45B5-9983-7223297B8ED0}"
EndProject
Global
	GlobalSection(SolutionConfigurationPlatforms) = preSolution
		Debug|Any CPU = Debug|Any CPU
		Release|Any CPU = Release|Any CPU
	EndGlobalSection
	GlobalSection(ProjectConfigurationPlatforms) = postSolution
		{66062DA9-3DAA-4242-A1D4-1E9921710263}.Debug|Any CPU.ActiveCfg = Debug|Any CPU
		{66062DA9-3DAA-4242-A1D4-1E9921710263}.Debug|Any CPU.Build.0 = Debug|Any CPU
		{66062DA9-3DAA-4242-A1D4-1E9921710263}.Release|Any CPU.ActiveCfg = Release|Any CPU
		{66062DA9-3DAA-4242-A1D4-1E9921710263}.Release|Any CPU.Build.0 = Release|Any CPU
		{C4B96762-3688-47F4-A1B8-E0EAEEDB5DB7}.Debug|Any CPU.ActiveCfg = Debug|Any CPU
		{C4B96762-3688-47F4-A1B8-E0EAEEDB5DB7}.Debug|Any CPU.Build.0 = Debug|Any CPU
		{C4B96762-3688-47F4-A1B8-E0EAEEDB5DB7}.Release|Any CPU.ActiveCfg = Release|Any CPU
		{C4B96762-3688-47F4-A1B8-E0EAEEDB5DB7}.Release|Any CPU.Build.0 = Release|Any CPU
		{8218CABD-8430-41E5-B955-C24783F5FE70}.Debug|Any CPU.ActiveCfg = Debug|Any CPU
		{8218CABD-8430-41E5-B955-C24783F5FE70}.Debug|Any CPU.Build.0 = Debug|Any CPU
		{8218CABD-8430-41E5-B955-C24783F5FE70}.Release|Any CPU.ActiveCfg = Release|Any CPU
		{8218CABD-8430-41E5-B955-C24783F5FE70}.Release|Any CPU.Build.0 = Release|Any CPU
		{51F607B5-6E0F-482B-980E-335C6B0A7A7B}.Debug|Any CPU.ActiveCfg = Debug|Any CPU
		{51F607B5-6E0F-482B-980E-335C6B0A7A7B}.Debug|Any CPU.Build.0 = Debug|Any CPU
		{51F607B5-6E0F-482B-980E-335C6B0A7A7B}.Release|Any CPU.ActiveCfg = Release|Any CPU
		{51F607B5-6E0F-482B-980E-335C6B0A7A7B}.Release|Any CPU.Build.0 = Release|Any CPU
		{E2FF323C-763F-45B5-9983-7223297B8ED0}.Debug|Any CPU.ActiveCfg = Debug|Any CPU
		{E2FF323C-763F-45B5-9983-7223297B8ED0}.Debug|Any CPU.Build.0 = Debug|Any CPU
		{E2FF323C-763F-45B5-9983-7223297B8ED0}.Release|Any CPU.ActiveCfg = Release|Any CPU
		{E2FF323C-763F-45B5-9983-7223297B8ED0}.Release|Any CPU.Build.0 = Release|Any CPU
	EndGlobalSection
	GlobalSection(SolutionProperties) = preSolution
		HideSolutionNode = FALSE
	EndGlobalSection
	GlobalSection(ExtensibilityGlobals) = postSolution
		SolutionGuid = {32E868CE-18B8-47D0-AEF3-CE3F5F615C30}
	EndGlobalSection
EndGlobal
