
Microsoft Visual Studio Solution File, Format Version 12.00
# Visual Studio Version 17
VisualStudioVersion = 17.8.34330.188
MinimumVisualStudioVersion = 10.0.40219.1
Project("{FAE04EC0-301F-11D3-BF4B-00C04F79EFBC}") = "SsoIdp", "SsoIdp\SsoIdp.csproj", "{66062DA9-3DAA-4242-A1D4-1E9921710263}"
EndProject
Global
	GlobalSection(SolutionConfigurationPlatforms) = preSolution
		Debug|Any CPU = Debug|Any CPU
		Release|Any CPU = Release|Any CPU
	EndGlobalSection
	GlobalSection(ProjectConfigurationPlatforms) = postSolution
		{66062DA9-3DAA-4242-A1D4-1E9921710263}.Debug|Any CPU.ActiveCfg = Debug|Any CPU
		{66062DA9-3DAA-4242-A1D4-1E9921710263}.Debug|Any CPU.Build.0 = Debug|Any CPU
		{66062DA9-3DAA-4242-A1D4-1E9921710263}.Release|Any CPU.ActiveCfg = Release|Any CPU
		{66062DA9-3DAA-4242-A1D4-1E9921710263}.Release|Any CPU.Build.0 = Release|Any CPU
	EndGlobalSection
	GlobalSection(SolutionProperties) = preSolution
		HideSolutionNode = FALSE
	EndGlobalSection
	GlobalSection(ExtensibilityGlobals) = postSolution
		SolutionGuid = {32E868CE-18B8-47D0-AEF3-CE3F5F615C30}
	EndGlobalSection
EndGlobal
